
Microsoft Visual Studio Solution File, Format Version 12.00
# Visual Studio Version 17
VisualStudioVersion = 17.12.35527.113
MinimumVisualStudioVersion = 10.0.40219.1
Project("{2150E333-8FDC-42A3-9474-1A3956D46DE8}") = "Task0", "Task0", "{A000A266-ED19-4116-9F42-48B605132C38}"
EndProject
Project("{FAE04EC0-301F-11D3-BF4B-00C04F79EFBC}") = "Tyuiu.FilimonchukED.Sprint4.Task0.V8", "Tyuiu.FilimonchukED.Sprint4.Task0.V8\Tyuiu.FilimonchukED.Sprint4.Task0.V8.csproj", "{2B4C0190-BE42-4036-AC0B-7786180A644E}"
EndProject
Project("{FAE04EC0-301F-11D3-BF4B-00C04F79EFBC}") = "Tyuiu.FilimonchukED.Sprint4.Task0.V8.Lib", "Tyuiu.FilimonchukED.Sprint4.Task0.V8.Lib\Tyuiu.FilimonchukED.Sprint4.Task0.V8.Lib.csproj", "{98A8B891-5926-4077-9235-AF213E734739}"
EndProject
Project("{FAE04EC0-301F-11D3-BF4B-00C04F79EFBC}") = "Tyuiu.FilimonchukED.Sprint4.Task0.V8.Test", "Tyuiu.FilimonchukED.Sprint4.Task0.V8.Test\Tyuiu.FilimonchukED.Sprint4.Task0.V8.Test.csproj", "{B5E63AC8-84EE-4BC2-9985-8E1EC942DA78}"
EndProject
Project("{2150E333-8FDC-42A3-9474-1A3956D46DE8}") = "Task1", "Task1", "{80E46BC1-42D9-4A48-9590-9055B427CC08}"
EndProject
Project("{FAE04EC0-301F-11D3-BF4B-00C04F79EFBC}") = "Tyuiu.FilimonchukED.Sprint4.Task1.V11", "Tyuiu.FilimonchukED.Sprint4.Task1.V11\Tyuiu.FilimonchukED.Sprint4.Task1.V11.csproj", "{F5AC68EB-F97B-45AC-9D9D-32B8DBBA3ABE}"
EndProject
Project("{FAE04EC0-301F-11D3-BF4B-00C04F79EFBC}") = "Tyuiu.FilimonchukED.Sprint4.Task1.V11.Lib", "Tyuiu.FilimonchukED.Sprint4.Task1.V11.Lib\Tyuiu.FilimonchukED.Sprint4.Task1.V11.Lib.csproj", "{6BD86EE9-7C1B-43B4-B269-D1155DA92ABE}"
EndProject
Project("{FAE04EC0-301F-11D3-BF4B-00C04F79EFBC}") = "Tyuiu.FilimonchukED.Sprint4.Task1.V11.Test", "Tyuiu.FilimonchukED.Sprint4.Task1.V11.Test\Tyuiu.FilimonchukED.Sprint4.Task1.V11.Test.csproj", "{56995A30-4AE6-41E2-940E-A5A49C76F342}"
EndProject
Project("{2150E333-8FDC-42A3-9474-1A3956D46DE8}") = "Task2", "Task2", "{0CA10E23-4639-4DB3-8DD9-7A1914C904CF}"
EndProject
Project("{FAE04EC0-301F-11D3-BF4B-00C04F79EFBC}") = "Tyuiu.FilimonchukED.Sprint4.Task2.V21", "Tyuiu.FilimonchukED.Sprint4.Task2.V21\Tyuiu.FilimonchukED.Sprint4.Task2.V21.csproj", "{04C083F8-2484-4713-8DE4-3465FC2E8C84}"
EndProject
Project("{FAE04EC0-301F-11D3-BF4B-00C04F79EFBC}") = "Tyuiu.FilimonchukED.Sprint4.Task2.V21.Lib", "Tyuiu.FilimonchukED.Sprint4.Task2.V21.Lib\Tyuiu.FilimonchukED.Sprint4.Task2.V21.Lib.csproj", "{D84E7745-F7EC-4848-8651-D7FC962454CC}"
EndProject
Project("{FAE04EC0-301F-11D3-BF4B-00C04F79EFBC}") = "Tyuiu.FilimonchukED.Sprint4.Task2.V21.Test", "Tyuiu.FilimonchukED.Sprint4.Task2.V21.Test\Tyuiu.FilimonchukED.Sprint4.Task2.V21.Test.csproj", "{EB6A4B04-AC1C-4604-9552-3E290CE0A9D7}"
EndProject
Project("{2150E333-8FDC-42A3-9474-1A3956D46DE8}") = "Task3", "Task3", "{398D4E77-BE28-4537-A6B8-F00D59E0628A}"
EndProject
Project("{FAE04EC0-301F-11D3-BF4B-00C04F79EFBC}") = "Tyuiu.FilimonchukED.Sprint4.Task3.V29", "Tyuiu.FilimonchukED.Sprint4.Task3.V29\Tyuiu.FilimonchukED.Sprint4.Task3.V29.csproj", "{F6B5BB3A-9B33-4BD2-B2DF-E36FE812ED9A}"
EndProject
Project("{FAE04EC0-301F-11D3-BF4B-00C04F79EFBC}") = "Tyuiu.FilimonchukED.Sprint4.Task3.V29.Lib", "Tyuiu.FilimonchukED.Sprint4.Task3.V29.Lib\Tyuiu.FilimonchukED.Sprint4.Task3.V29.Lib.csproj", "{582164A9-4E2B-48C2-A036-F52328B403AB}"
EndProject
Project("{FAE04EC0-301F-11D3-BF4B-00C04F79EFBC}") = "Tyuiu.FilimonchukED.Sprint4.Task3.V29.Test", "Tyuiu.FilimonchukED.Sprint4.Task3.V29.Test\Tyuiu.FilimonchukED.Sprint4.Task3.V29.Test.csproj", "{3BBB9A58-8761-4E34-A17E-A5B8F765149F}"
EndProject
Project("{2150E333-8FDC-42A3-9474-1A3956D46DE8}") = "Task4", "Task4", "{0CAA8BC4-D978-47E9-AC07-1DD6BB38B2E2}"
EndProject
Project("{FAE04EC0-301F-11D3-BF4B-00C04F79EFBC}") = "Tyuiu.FilimonchukED.Sprint4.Task4.V16", "Tyuiu.FilimonchukED.Sprint4.Task4.V16\Tyuiu.FilimonchukED.Sprint4.Task4.V16.csproj", "{1FEEF514-FB0D-4B05-962F-D670BD0F52DA}"
EndProject
Project("{FAE04EC0-301F-11D3-BF4B-00C04F79EFBC}") = "Tyuiu.FilimonchukED.Sprint4.Task4.V16.Lib", "Tyuiu.FilimonchukED.Sprint4.Task4.V16.Lib\Tyuiu.FilimonchukED.Sprint4.Task4.V16.Lib.csproj", "{11F4EEC8-F636-41D5-BE07-5CA74FDEC70E}"
EndProject
Project("{FAE04EC0-301F-11D3-BF4B-00C04F79EFBC}") = "Tyuiu.FilimonchukED.Sprint4.Task4.V16.Test", "Tyuiu.FilimonchukED.Sprint4.Task4.V16.Test\Tyuiu.FilimonchukED.Sprint4.Task4.V16.Test.csproj", "{F9A5B70A-BDE0-4A5C-B13C-F72ADCF7506F}"
EndProject
Global
	GlobalSection(SolutionConfigurationPlatforms) = preSolution
		Debug|Any CPU = Debug|Any CPU
		Release|Any CPU = Release|Any CPU
	EndGlobalSection
	GlobalSection(ProjectConfigurationPlatforms) = postSolution
		{2B4C0190-BE42-4036-AC0B-7786180A644E}.Debug|Any CPU.ActiveCfg = Debug|Any CPU
		{2B4C0190-BE42-4036-AC0B-7786180A644E}.Debug|Any CPU.Build.0 = Debug|Any CPU
		{2B4C0190-BE42-4036-AC0B-7786180A644E}.Release|Any CPU.ActiveCfg = Release|Any CPU
		{2B4C0190-BE42-4036-AC0B-7786180A644E}.Release|Any CPU.Build.0 = Release|Any CPU
		{98A8B891-5926-4077-9235-AF213E734739}.Debug|Any CPU.ActiveCfg = Debug|Any CPU
		{98A8B891-5926-4077-9235-AF213E734739}.Debug|Any CPU.Build.0 = Debug|Any CPU
		{98A8B891-5926-4077-9235-AF213E734739}.Release|Any CPU.ActiveCfg = Release|Any CPU
		{98A8B891-5926-4077-9235-AF213E734739}.Release|Any CPU.Build.0 = Release|Any CPU
		{B5E63AC8-84EE-4BC2-9985-8E1EC942DA78}.Debug|Any CPU.ActiveCfg = Debug|Any CPU
		{B5E63AC8-84EE-4BC2-9985-8E1EC942DA78}.Debug|Any CPU.Build.0 = Debug|Any CPU
		{B5E63AC8-84EE-4BC2-9985-8E1EC942DA78}.Release|Any CPU.ActiveCfg = Release|Any CPU
		{B5E63AC8-84EE-4BC2-9985-8E1EC942DA78}.Release|Any CPU.Build.0 = Release|Any CPU
		{F5AC68EB-F97B-45AC-9D9D-32B8DBBA3ABE}.Debug|Any CPU.ActiveCfg = Debug|Any CPU
		{F5AC68EB-F97B-45AC-9D9D-32B8DBBA3ABE}.Debug|Any CPU.Build.0 = Debug|Any CPU
		{F5AC68EB-F97B-45AC-9D9D-32B8DBBA3ABE}.Release|Any CPU.ActiveCfg = Release|Any CPU
		{F5AC68EB-F97B-45AC-9D9D-32B8DBBA3ABE}.Release|Any CPU.Build.0 = Release|Any CPU
		{6BD86EE9-7C1B-43B4-B269-D1155DA92ABE}.Debug|Any CPU.ActiveCfg = Debug|Any CPU
		{6BD86EE9-7C1B-43B4-B269-D1155DA92ABE}.Debug|Any CPU.Build.0 = Debug|Any CPU
		{6BD86EE9-7C1B-43B4-B269-D1155DA92ABE}.Release|Any CPU.ActiveCfg = Release|Any CPU
		{6BD86EE9-7C1B-43B4-B269-D1155DA92ABE}.Release|Any CPU.Build.0 = Release|Any CPU
		{56995A30-4AE6-41E2-940E-A5A49C76F342}.Debug|Any CPU.ActiveCfg = Debug|Any CPU
		{56995A30-4AE6-41E2-940E-A5A49C76F342}.Debug|Any CPU.Build.0 = Debug|Any CPU
		{56995A30-4AE6-41E2-940E-A5A49C76F342}.Release|Any CPU.ActiveCfg = Release|Any CPU
		{56995A30-4AE6-41E2-940E-A5A49C76F342}.Release|Any CPU.Build.0 = Release|Any CPU
		{04C083F8-2484-4713-8DE4-3465FC2E8C84}.Debug|Any CPU.ActiveCfg = Debug|Any CPU
		{04C083F8-2484-4713-8DE4-3465FC2E8C84}.Debug|Any CPU.Build.0 = Debug|Any CPU
		{04C083F8-2484-4713-8DE4-3465FC2E8C84}.Release|Any CPU.ActiveCfg = Release|Any CPU
		{04C083F8-2484-4713-8DE4-3465FC2E8C84}.Release|Any CPU.Build.0 = Release|Any CPU
		{D84E7745-F7EC-4848-8651-D7FC962454CC}.Debug|Any CPU.ActiveCfg = Debug|Any CPU
		{D84E7745-F7EC-4848-8651-D7FC962454CC}.Debug|Any CPU.Build.0 = Debug|Any CPU
		{D84E7745-F7EC-4848-8651-D7FC962454CC}.Release|Any CPU.ActiveCfg = Release|Any CPU
		{D84E7745-F7EC-4848-8651-D7FC962454CC}.Release|Any CPU.Build.0 = Release|Any CPU
		{EB6A4B04-AC1C-4604-9552-3E290CE0A9D7}.Debug|Any CPU.ActiveCfg = Debug|Any CPU
		{EB6A4B04-AC1C-4604-9552-3E290CE0A9D7}.Debug|Any CPU.Build.0 = Debug|Any CPU
		{EB6A4B04-AC1C-4604-9552-3E290CE0A9D7}.Release|Any CPU.ActiveCfg = Release|Any CPU
		{EB6A4B04-AC1C-4604-9552-3E290CE0A9D7}.Release|Any CPU.Build.0 = Release|Any CPU
		{F6B5BB3A-9B33-4BD2-B2DF-E36FE812ED9A}.Debug|Any CPU.ActiveCfg = Debug|Any CPU
		{F6B5BB3A-9B33-4BD2-B2DF-E36FE812ED9A}.Debug|Any CPU.Build.0 = Debug|Any CPU
		{F6B5BB3A-9B33-4BD2-B2DF-E36FE812ED9A}.Release|Any CPU.ActiveCfg = Release|Any CPU
		{F6B5BB3A-9B33-4BD2-B2DF-E36FE812ED9A}.Release|Any CPU.Build.0 = Release|Any CPU
		{582164A9-4E2B-48C2-A036-F52328B403AB}.Debug|Any CPU.ActiveCfg = Debug|Any CPU
		{582164A9-4E2B-48C2-A036-F52328B403AB}.Debug|Any CPU.Build.0 = Debug|Any CPU
		{582164A9-4E2B-48C2-A036-F52328B403AB}.Release|Any CPU.ActiveCfg = Release|Any CPU
		{582164A9-4E2B-48C2-A036-F52328B403AB}.Release|Any CPU.Build.0 = Release|Any CPU
		{3BBB9A58-8761-4E34-A17E-A5B8F765149F}.Debug|Any CPU.ActiveCfg = Debug|Any CPU
		{3BBB9A58-8761-4E34-A17E-A5B8F765149F}.Debug|Any CPU.Build.0 = Debug|Any CPU
		{3BBB9A58-8761-4E34-A17E-A5B8F765149F}.Release|Any CPU.ActiveCfg = Release|Any CPU
		{3BBB9A58-8761-4E34-A17E-A5B8F765149F}.Release|Any CPU.Build.0 = Release|Any CPU
		{1FEEF514-FB0D-4B05-962F-D670BD0F52DA}.Debug|Any CPU.ActiveCfg = Debug|Any CPU
		{1FEEF514-FB0D-4B05-962F-D670BD0F52DA}.Debug|Any CPU.Build.0 = Debug|Any CPU
		{1FEEF514-FB0D-4B05-962F-D670BD0F52DA}.Release|Any CPU.ActiveCfg = Release|Any CPU
		{1FEEF514-FB0D-4B05-962F-D670BD0F52DA}.Release|Any CPU.Build.0 = Release|Any CPU
		{11F4EEC8-F636-41D5-BE07-5CA74FDEC70E}.Debug|Any CPU.ActiveCfg = Debug|Any CPU
		{11F4EEC8-F636-41D5-BE07-5CA74FDEC70E}.Debug|Any CPU.Build.0 = Debug|Any CPU
		{11F4EEC8-F636-41D5-BE07-5CA74FDEC70E}.Release|Any CPU.ActiveCfg = Release|Any CPU
		{11F4EEC8-F636-41D5-BE07-5CA74FDEC70E}.Release|Any CPU.Build.0 = Release|Any CPU
		{F9A5B70A-BDE0-4A5C-B13C-F72ADCF7506F}.Debug|Any CPU.ActiveCfg = Debug|Any CPU
		{F9A5B70A-BDE0-4A5C-B13C-F72ADCF7506F}.Debug|Any CPU.Build.0 = Debug|Any CPU
		{F9A5B70A-BDE0-4A5C-B13C-F72ADCF7506F}.Release|Any CPU.ActiveCfg = Release|Any CPU
		{F9A5B70A-BDE0-4A5C-B13C-F72ADCF7506F}.Release|Any CPU.Build.0 = Release|Any CPU
	EndGlobalSection
	GlobalSection(SolutionProperties) = preSolution
		HideSolutionNode = FALSE
	EndGlobalSection
	GlobalSection(NestedProjects) = preSolution
		{2B4C0190-BE42-4036-AC0B-7786180A644E} = {A000A266-ED19-4116-9F42-48B605132C38}
		{98A8B891-5926-4077-9235-AF213E734739} = {A000A266-ED19-4116-9F42-48B605132C38}
		{B5E63AC8-84EE-4BC2-9985-8E1EC942DA78} = {A000A266-ED19-4116-9F42-48B605132C38}
		{F5AC68EB-F97B-45AC-9D9D-32B8DBBA3ABE} = {80E46BC1-42D9-4A48-9590-9055B427CC08}
		{6BD86EE9-7C1B-43B4-B269-D1155DA92ABE} = {80E46BC1-42D9-4A48-9590-9055B427CC08}
		{56995A30-4AE6-41E2-940E-A5A49C76F342} = {80E46BC1-42D9-4A48-9590-9055B427CC08}
		{04C083F8-2484-4713-8DE4-3465FC2E8C84} = {0CA10E23-4639-4DB3-8DD9-7A1914C904CF}
		{D84E7745-F7EC-4848-8651-D7FC962454CC} = {0CA10E23-4639-4DB3-8DD9-7A1914C904CF}
		{EB6A4B04-AC1C-4604-9552-3E290CE0A9D7} = {0CA10E23-4639-4DB3-8DD9-7A1914C904CF}
		{F6B5BB3A-9B33-4BD2-B2DF-E36FE812ED9A} = {398D4E77-BE28-4537-A6B8-F00D59E0628A}
		{582164A9-4E2B-48C2-A036-F52328B403AB} = {398D4E77-BE28-4537-A6B8-F00D59E0628A}
		{3BBB9A58-8761-4E34-A17E-A5B8F765149F} = {398D4E77-BE28-4537-A6B8-F00D59E0628A}
		{1FEEF514-FB0D-4B05-962F-D670BD0F52DA} = {0CAA8BC4-D978-47E9-AC07-1DD6BB38B2E2}
		{11F4EEC8-F636-41D5-BE07-5CA74FDEC70E} = {0CAA8BC4-D978-47E9-AC07-1DD6BB38B2E2}
		{F9A5B70A-BDE0-4A5C-B13C-F72ADCF7506F} = {0CAA8BC4-D978-47E9-AC07-1DD6BB38B2E2}
	EndGlobalSection
EndGlobal
